
Microsoft Visual Studio Solution File, Format Version 12.00
# Visual Studio Version 16
VisualStudioVersion = 16.0.29613.14
MinimumVisualStudioVersion = 10.0.40219.1
Project("{FAE04EC0-301F-11D3-BF4B-00C04F79EFBC}") = "RestSample", "RestSample\RestSample.csproj", "{303631B5-20F1-4B0B-B84A-239D696388CC}"
EndProject
Global
	GlobalSection(SolutionConfigurationPlatforms) = preSolution
		Debug|Any CPU = Debug|Any CPU
		Release|Any CPU = Release|Any CPU
	EndGlobalSection
	GlobalSection(ProjectConfigurationPlatforms) = postSolution
		{303631B5-20F1-4B0B-B84A-239D696388CC}.Debug|Any CPU.ActiveCfg = Debug|Any CPU
		{303631B5-20F1-4B0B-B84A-239D696388CC}.Debug|Any CPU.Build.0 = Debug|Any CPU
		{303631B5-20F1-4B0B-B84A-239D696388CC}.Release|Any CPU.ActiveCfg = Release|Any CPU
		{303631B5-20F1-4B0B-B84A-239D696388CC}.Release|Any CPU.Build.0 = Release|Any CPU
	EndGlobalSection
	GlobalSection(SolutionProperties) = preSolution
		HideSolutionNode = FALSE
	EndGlobalSection
	GlobalSection(ExtensibilityGlobals) = postSolution
		SolutionGuid = {57401ECC-4064-4467-BC68-6B11914F959E}
	EndGlobalSection
EndGlobal
